
Microsoft Visual Studio Solution File, Format Version 12.00
# Visual Studio 2015
Project("{FAE04EC0-301F-11D3-BF4B-00C04F79EFBC}") = "Fresh New Game.CSharp", "Fresh New Game.CSharp.csproj", "{87B0D487-2D72-0A6A-8B0A-4C5648A4945C}"
EndProject
Global
	GlobalSection(SolutionConfigurationPlatforms) = preSolution
		Debug|Any CPU = Debug|Any CPU
		Release|Any CPU = Release|Any CPU
	EndGlobalSection
	GlobalSection(ProjectConfigurationPlatforms) = postSolution
		{87B0D487-2D72-0A6A-8B0A-4C5648A4945C}.Debug|Any CPU.ActiveCfg = Debug|Any CPU
		{87B0D487-2D72-0A6A-8B0A-4C5648A4945C}.Debug|Any CPU.Build.0 = Debug|Any CPU
		{87B0D487-2D72-0A6A-8B0A-4C5648A4945C}.Release|Any CPU.ActiveCfg = Release|Any CPU
		{87B0D487-2D72-0A6A-8B0A-4C5648A4945C}.Release|Any CPU.Build.0 = Release|Any CPU
	EndGlobalSection
	GlobalSection(SolutionProperties) = preSolution
		HideSolutionNode = FALSE
	EndGlobalSection
EndGlobal
